
Microsoft Visual Studio Solution File, Format Version 12.00
# Visual Studio Version 17
VisualStudioVersion = 17.3.32811.315
MinimumVisualStudioVersion = 10.0.40219.1
Project("{FAE04EC0-301F-11D3-BF4B-00C04F79EFBC}") = "MovieHut", "MovieHut\MovieHut.csproj", "{42B89994-7735-4257-A320-E9EA501DAF4F}"
EndProject
Global
	GlobalSection(SolutionConfigurationPlatforms) = preSolution
		Debug|Any CPU = Debug|Any CPU
		Release|Any CPU = Release|Any CPU
	EndGlobalSection
	GlobalSection(ProjectConfigurationPlatforms) = postSolution
		{42B89994-7735-4257-A320-E9EA501DAF4F}.Debug|Any CPU.ActiveCfg = Debug|Any CPU
		{42B89994-7735-4257-A320-E9EA501DAF4F}.Debug|Any CPU.Build.0 = Debug|Any CPU
		{42B89994-7735-4257-A320-E9EA501DAF4F}.Release|Any CPU.ActiveCfg = Release|Any CPU
		{42B89994-7735-4257-A320-E9EA501DAF4F}.Release|Any CPU.Build.0 = Release|Any CPU
	EndGlobalSection
	GlobalSection(SolutionProperties) = preSolution
		HideSolutionNode = FALSE
	EndGlobalSection
	GlobalSection(ExtensibilityGlobals) = postSolution
		SolutionGuid = {2F0DCC8B-B1AA-411D-99F9-A4B54ED9DD79}
	EndGlobalSection
EndGlobal
